
Microsoft Visual Studio Solution File, Format Version 12.00
# Visual Studio Version 17
VisualStudioVersion = 17.8.34309.116
MinimumVisualStudioVersion = 10.0.40219.1
Project("{FAE04EC0-301F-11D3-BF4B-00C04F79EFBC}") = "NativeLibraryGPGME", "NativeLibraryGPGME.csproj", "{FA18C0B4-8DAF-4928-B5A6-75DB57A3446B}"
EndProject
Global
	GlobalSection(SolutionConfigurationPlatforms) = preSolution
		Debug|Any CPU = Debug|Any CPU
		Debug|x86 = Debug|x86
		Release|Any CPU = Release|Any CPU
		Release|x86 = Release|x86
	EndGlobalSection
	GlobalSection(ProjectConfigurationPlatforms) = postSolution
		{FA18C0B4-8DAF-4928-B5A6-75DB57A3446B}.Debug|Any CPU.ActiveCfg = Debug|Any CPU
		{FA18C0B4-8DAF-4928-B5A6-75DB57A3446B}.Debug|Any CPU.Build.0 = Debug|Any CPU
		{FA18C0B4-8DAF-4928-B5A6-75DB57A3446B}.Debug|x86.ActiveCfg = Debug|x86
		{FA18C0B4-8DAF-4928-B5A6-75DB57A3446B}.Debug|x86.Build.0 = Debug|x86
		{FA18C0B4-8DAF-4928-B5A6-75DB57A3446B}.Release|Any CPU.ActiveCfg = Release|Any CPU
		{FA18C0B4-8DAF-4928-B5A6-75DB57A3446B}.Release|Any CPU.Build.0 = Release|Any CPU
		{FA18C0B4-8DAF-4928-B5A6-75DB57A3446B}.Release|x86.ActiveCfg = Release|x86
		{FA18C0B4-8DAF-4928-B5A6-75DB57A3446B}.Release|x86.Build.0 = Release|x86
	EndGlobalSection
	GlobalSection(SolutionProperties) = preSolution
		HideSolutionNode = FALSE
	EndGlobalSection
	GlobalSection(ExtensibilityGlobals) = postSolution
		SolutionGuid = {83EF9E8C-8C84-40F8-BEBC-4FF573E34D23}
	EndGlobalSection
EndGlobal
